
Microsoft Visual Studio Solution File, Format Version 12.00
# Visual Studio 2013
VisualStudioVersion = 12.0.30110.0
MinimumVisualStudioVersion = 10.0.40219.1
Project("{FAE04EC0-301F-11D3-BF4B-00C04F79EFBC}") = "01.StrBuilderExtensionsMethods", "01.StrBuilderExtensionsMethods\01.StrBuilderExtensionsMethods.csproj", "{98F1A965-DC5C-46AE-BF1E-079D6E4D3959}"
EndProject
Project("{FAE04EC0-301F-11D3-BF4B-00C04F79EFBC}") = "02.IEnumerableExtMethods", "02.IEnumerableExtMethods\02.IEnumerableExtMethods.csproj", "{F9651486-5032-4861-B503-6FEF0C0C2A6C}"
EndProject
Global
	GlobalSection(SolutionConfigurationPlatforms) = preSolution
		Debug|Any CPU = Debug|Any CPU
		Release|Any CPU = Release|Any CPU
	EndGlobalSection
	GlobalSection(ProjectConfigurationPlatforms) = postSolution
		{98F1A965-DC5C-46AE-BF1E-079D6E4D3959}.Debug|Any CPU.ActiveCfg = Debug|Any CPU
		{98F1A965-DC5C-46AE-BF1E-079D6E4D3959}.Debug|Any CPU.Build.0 = Debug|Any CPU
		{98F1A965-DC5C-46AE-BF1E-079D6E4D3959}.Release|Any CPU.ActiveCfg = Release|Any CPU
		{98F1A965-DC5C-46AE-BF1E-079D6E4D3959}.Release|Any CPU.Build.0 = Release|Any CPU
		{F9651486-5032-4861-B503-6FEF0C0C2A6C}.Debug|Any CPU.ActiveCfg = Debug|Any CPU
		{F9651486-5032-4861-B503-6FEF0C0C2A6C}.Debug|Any CPU.Build.0 = Debug|Any CPU
		{F9651486-5032-4861-B503-6FEF0C0C2A6C}.Release|Any CPU.ActiveCfg = Release|Any CPU
		{F9651486-5032-4861-B503-6FEF0C0C2A6C}.Release|Any CPU.Build.0 = Release|Any CPU
	EndGlobalSection
	GlobalSection(SolutionProperties) = preSolution
		HideSolutionNode = FALSE
	EndGlobalSection
EndGlobal
