
Microsoft Visual Studio Solution File, Format Version 12.00
# Visual Studio 2013
VisualStudioVersion = 12.0.21005.1
MinimumVisualStudioVersion = 10.0.40219.1
Project("{FAE04EC0-301F-11D3-BF4B-00C04F79EFBC}") = "01.SquareRootOfNumber", "01.SquareRootOfNumber\01.SquareRootOfNumber.csproj", "{833F7BAA-04B7-4BFE-A3F2-CBF78D18BADD}"
EndProject
Project("{FAE04EC0-301F-11D3-BF4B-00C04F79EFBC}") = "02.Read10SpecNumbers", "02.Read10SpecNumbers\02.Read10SpecNumbers.csproj", "{FA3777BB-B749-4BB2-B2B7-BE2DEDCEB3CC}"
EndProject
Project("{FAE04EC0-301F-11D3-BF4B-00C04F79EFBC}") = "03.ReadsContentOfGivenFile", "03.ReadsContentOfGivenFile\03.ReadsContentOfGivenFile.csproj", "{431C9773-5DA2-4A42-B6F6-8465AB30574F}"
EndProject
Project("{FAE04EC0-301F-11D3-BF4B-00C04F79EFBC}") = "04.DownloadsFileFromInternet", "04.DownloadsFileFromInternet\04.DownloadsFileFromInternet.csproj", "{6BBC7C0B-5F60-44AE-B2E3-50A06F3B17D3}"
EndProject
Global
	GlobalSection(SolutionConfigurationPlatforms) = preSolution
		Debug|Any CPU = Debug|Any CPU
		Release|Any CPU = Release|Any CPU
	EndGlobalSection
	GlobalSection(ProjectConfigurationPlatforms) = postSolution
		{833F7BAA-04B7-4BFE-A3F2-CBF78D18BADD}.Debug|Any CPU.ActiveCfg = Debug|Any CPU
		{833F7BAA-04B7-4BFE-A3F2-CBF78D18BADD}.Debug|Any CPU.Build.0 = Debug|Any CPU
		{833F7BAA-04B7-4BFE-A3F2-CBF78D18BADD}.Release|Any CPU.ActiveCfg = Release|Any CPU
		{833F7BAA-04B7-4BFE-A3F2-CBF78D18BADD}.Release|Any CPU.Build.0 = Release|Any CPU
		{FA3777BB-B749-4BB2-B2B7-BE2DEDCEB3CC}.Debug|Any CPU.ActiveCfg = Debug|Any CPU
		{FA3777BB-B749-4BB2-B2B7-BE2DEDCEB3CC}.Debug|Any CPU.Build.0 = Debug|Any CPU
		{FA3777BB-B749-4BB2-B2B7-BE2DEDCEB3CC}.Release|Any CPU.ActiveCfg = Release|Any CPU
		{FA3777BB-B749-4BB2-B2B7-BE2DEDCEB3CC}.Release|Any CPU.Build.0 = Release|Any CPU
		{431C9773-5DA2-4A42-B6F6-8465AB30574F}.Debug|Any CPU.ActiveCfg = Debug|Any CPU
		{431C9773-5DA2-4A42-B6F6-8465AB30574F}.Debug|Any CPU.Build.0 = Debug|Any CPU
		{431C9773-5DA2-4A42-B6F6-8465AB30574F}.Release|Any CPU.ActiveCfg = Release|Any CPU
		{431C9773-5DA2-4A42-B6F6-8465AB30574F}.Release|Any CPU.Build.0 = Release|Any CPU
		{6BBC7C0B-5F60-44AE-B2E3-50A06F3B17D3}.Debug|Any CPU.ActiveCfg = Debug|Any CPU
		{6BBC7C0B-5F60-44AE-B2E3-50A06F3B17D3}.Debug|Any CPU.Build.0 = Debug|Any CPU
		{6BBC7C0B-5F60-44AE-B2E3-50A06F3B17D3}.Release|Any CPU.ActiveCfg = Release|Any CPU
		{6BBC7C0B-5F60-44AE-B2E3-50A06F3B17D3}.Release|Any CPU.Build.0 = Release|Any CPU
	EndGlobalSection
	GlobalSection(SolutionProperties) = preSolution
		HideSolutionNode = FALSE
	EndGlobalSection
EndGlobal
